github.com/creack/pty v1.1.9/go.mod h1:oKZEueFk5CKHvIhNR5MUki03XCEU+Q6VDXinZuGJ33E=
github.com/davecgh/go-spew v1.1.2-0.20180830191138-d8f796af33cc h1:U9qPSI2PIWSS1VwoXQT9A3Wy9MM3WgvqSxFWenqJduM=
github.com/davecgh/go-spew v1.1.2-0.20180830191138-d8f796af33cc/go.mod h1:J7Y8YcW2NihsgmVo/mv3lAwl/skON4iLHjSsI+c5H38=
github.com/google/go-cmp v0.6.0 h1:ofyhxvXcZhMsU5ulbFiLKl/XBFqE1GSq7atu8tAmTRI=
github.com/google/go-cmp v0.6.0/go.mod h1:17dUlkBOakJ0+DkrSSNjCkIjxS6bF9zb3elmeNGIjoY=
github.com/jinzhu/inflection v1.0.0 h1:K317FqzuhWc8YvSVlFMCCUb36O/S9MCKRDI7QkRKD/E=
github.com/jinzhu/inflection v1.0.0/go.mod h1:h+uFLlag+Qp1Va5pdKtLDYj+kHp5pxUVkryuEj+Srlc=
github.com/jinzhu/now v1.1.5 h1:/o9tlHleP7gOFmsnYNz3RGnqzefHA47wQpKrrdTIwXQ=
github.com/jinzhu/now v1.1.5/go.mod h1:d3SSVoowX0Lcu0IBviAWJpolVfI5UJVZZ7cO71lE/z8=
github.com/kr/pretty v0.3.1 h1:flRD4NNwYAUpkphVc1HcthR4KEIFJ65n8Mw5qdRn3LE=
github.com/kr/pretty v0.3.1/go.mod h1:hoEshYVHaxMs3cyo3Yncou5ZscifuDolrwPKZanG3xk=
github.com/kr/text v0.2.0 h1:5Nx0Ya0ZqY2ygV366QzturHI13Jq95ApcVaJBhpS+AY=
github.com/kr/text v0.2.0/go.mod h1:eLer722TekiGuMkidMxC/pM04lWEeraHUUmBw8l2grE=
github.com/mattn/go-sqlite3 v1.14.28 h1:ThEiQrnbtumT+QMknw63Befp/ce/nUPgBPMlRFEum7A=
github.com/mattn/go-sqlite3 v1.14.28/go.mod h1:Uh1q+B4BYcTPb+yiD3kU8Ct7aC0hY9fxUwlHK0RXw+Y=
github.com/pkg/diff v0.0.0-20210226163009-20ebb0f2a09e/go.mod h1:pJLUxLENpZxwdsKMEsNbx1VGcRFpLqf3715MtcvvzbA=
github.com/pkg/errors v0.9.1 h1:FEBLx1zS214owpjy7qsBeixbURkuhQAwrK5UwLGTwt4=
github.com/pkg/errors v0.9.1/go.mod h1:bwawxfHBFNV+L2hUp1rHADufV3IMtnDRdf1r5NINEl0=
github.com/pmezard/go-difflib v1.0.1-0.20181226105442-5d4384ee4fb2 h1:Jamvg5psRIccs7FGNTlIRMkT8wgtp5eCXdBlqhYGL6U=
github.com/pmezard/go-difflib v1.0.1-0.20181226105442-5d4384ee4fb2/go.mod h1:iKH77koFhYxTK1pcRnkKkqfTogsbg7gZNVY4sRDYZ/4=
github.com/rogpeppe/go-internal v1.9.0/go.mod h1:WtVeX8xhTBvf0smdhujwtBcq4Qrzq/fJaraNFVN+nFs=
github.com/rogpeppe/go-internal v1.13.1 h1:KvO1DLK/DRN07sQ1LQKScxyZJuNnedQ5/wKSR38lUII=
github.com/rogpeppe/go-internal v1.13.1/go.mod h1:uMEvuHeurkdAXX61udpOXGD/AzZDWNMNyH2VO9fmH0o=
github.com/stretchr/testify v1.10.0 h1:Xv5erBjTwe/5IxqUQTdXv5kgmIvbHo3QQyRwhJsOfJA=
github.com/stretchr/testify v1.10.0/go.mod h1:r2ic/lqez/lEtzL7wO/rwa5dbSLXVDPFyf8C91i36aY=
github.com/yyle88/done v1.0.26 h1:lncTfGVFZWDV+ni9kgJWXjwl9qryVrX5xBYKW1Os1yg=
github.com/yyle88/done v1.0.26/go.mod h1:Y/QHJS7guYtGMnbar4SHXGUtwUqckomTmRBaCcwW/y4=
github.com/yyle88/erero v1.0.21 h1:SlVxmw1PsIXKkx23MojbrkYT4LtLEvSx+ZbDCDJ6ijE=
github.com/yyle88/erero v1.0.21/go.mod h1:JH9yodnM7L9/0mCIkwwSXinLG1KY9xaaPGZRShJNTfw=
github.com/yyle88/formatgo v1.0.25 h1:KbrrFte9ngOO5nxnEAl/APyGBKwmMdMbc9b+isRGMfQ=
github.com/yyle88/formatgo v1.0.25/go.mod h1:LICth0xTd1MjDHrKYHxrghqyHDp7QMoiKJlr2Mqihdw=
github.com/yyle88/must v0.0.25 h1:SF1wAYNTfupFNfnXJcnizLZAJtCUCJf2dUVY/9nvtUQ=
github.com/yyle88/must v0.0.25/go.mod h1:SE9pZwrZLt8+wnWJJEAve5QKOm8rz3lSxokUxGGgemo=
github.com/yyle88/mutexmap v1.0.13 h1:wp/6mv/gsC2DSqNbhMYiil4gtnb0sDCIhHHIHK2h0cQ=
github.com/yyle88/mutexmap v1.0.13/go.mod h1:QUYDuARLPlGj414kHewQ5tt8jkDxQXoai8H3C4Gg+yc=
github.com/yyle88/neatjson v0.0.12 h1:M6y4IsHbe2/3drF/kDl3zBpaN29lmfW4MetEQcoG04A=
github.com/yyle88/neatjson v0.0.12/go.mod h1:LT3nIhKyB3lkD3INiIXCN3FejNu+g+qvzCJ+fZSZaRc=
github.com/yyle88/printgo v1.0.5 h1:gmaJKzEkrH6adbgfOfS6xq02CdvsE8QF+uKXXOdVLN8=
github.com/yyle88/printgo v1.0.5/go.mod h1:QZZD92Orn8ddmxF5IOEFvLPPW66UIQtgoLixPdpXuQc=
github.com/yyle88/rese v0.0.10 h1:rMEcybaIe/CNVMmilgor3nMQWB4TcJgXRttvDjKtvLg=
github.com/yyle88/rese v0.0.10/go.mod h1:2jCdwu7qpJDdZqVulM4+zz/qiSxJWbOK/ndzQhg+5G0=
github.com/yyle88/runpath v1.0.23 h1:VEdeaMXfvFY7CuF9Nceuxb6HSNDcmiSSGEf+zT7O900=
github.com/yyle88/runpath v1.0.23/go.mod h1:JRGxn/0Ytg6CvGoE2VrO74oX8Lu4jbOPZDKxr8tzPEg=
github.com/yyle88/sure v0.0.38 h1:+yw3++UKizkh7JsBtoZKH6jC2K1Jr4Z2U088zYBLJ/w=
github.com/yyle88/sure v0.0.38/go.mod h1:zkSgOlFeW4xETRZNoR0GZ2v/q7wxnlHl3dxI4f4tftI=
github.com/yyle88/syntaxgo v0.0.52 h1:G3A9MyTHp82j1Y2LPYqtD3lv/slutJ9/nVW/yi4XG4E=
github.com/yyle88/syntaxgo v0.0.52/go.mod h1:wODs8eDwW75ARUJ9PBDBxOvot/Gj01gXPmsFQouTWsU=
github.com/yyle88/tern v0.0.8 h1:Qn6dpYNbYA8bhPX/SjQHnML0MIoKScGNRgGH+VFox1U=
github.com/yyle88/tern v0.0.8/go.mod h1:g9weyOMLtXYyt37EAshZPUTTHdH7WFauuxDi4oPr7/8=
github.com/yyle88/zaplog v0.0.24 h1:8/G2Id1H2wSiQKav4e4vipB8LFeFlIYicTsv4sQO6wQ=
github.com/yyle88/zaplog v0.0.24/go.mod h1:3eaCIi66BgCHh5IIbHlvuRWJPXz89m/EDPfqLe7p6Us=
go.uber.org/goleak v1.3.0 h1:2K3zAYmnTNqV73imy9J1T3WC+gmCePx2hEGkimedGto=
go.uber.org/goleak v1.3.0/go.mod h1:CoHD4mav9JJNrW/WLlf7HGZPjdw8EucARQHekz1X6bE=
go.uber.org/multierr v1.11.0 h1:blXXJkSxSSfBVBlC76pxqeO+LN3aDfLQo+309xJstO0=
go.uber.org/multierr v1.11.0/go.mod h1:20+QtiLqy0Nd6FdQB9TLXag12DsQkrbs3htMFfDN80Y=
go.uber.org/zap v1.27.0 h1:aJMhYGrd5QSmlpLMr2MftRKl7t8J8PTZPA732ud/XR8=
go.uber.org/zap v1.27.0/go.mod h1:GB2qFLM7cTU87MWRP2mPIjqfIDnGu+VIO4V/SdhGo2E=
golang.org/x/exp v0.0.0-20250210185358-939b2ce775ac h1:l5+whBCLH3iH2ZNHYLbAe58bo7yrN4mVcnkHDYz5vvs=
golang.org/x/exp v0.0.0-20250210185358-939b2ce775ac/go.mod h1:hH+7mtFmImwwcMvScyxUhjuVHR3HGaDPMn9rMSUUbxo=
golang.org/x/mod v0.23.0 h1:Zb7khfcRGKk+kqfxFaP5tZqCnDZMjC5VtUBs87Hr6QM=
golang.org/x/mod v0.23.0/go.mod h1:6SkKJ3Xj0I0BrPOZoBy3bdMptDDU9oJrpohJ3eWZ1fY=
golang.org/x/sync v0.11.0 h1:GGz8+XQP4FvTTrjZPzNKTMFtSXH80RAzG+5ghFPgK9w=
golang.org/x/sync v0.11.0/go.mod h1:Czt+wKu1gCyEFDUtn0jG5QVvpJ6rzVqr5aXyt9drQfk=
golang.org/x/text v0.22.0 h1:bofq7m3/HAFvbF51jz3Q9wLg3jkvSPuiZu/pD1XwgtM=
golang.org/x/text v0.22.0/go.mod h1:YRoo4H8PVmsu+E3Ou7cqLVH8oXWIHVoX0jqUWALQhfY=
golang.org/x/tools v0.30.0 h1:BgcpHewrV5AUp2G9MebG4XPFI1E2W41zU1SaqVA9vJY=
golang.org/x/tools v0.30.0/go.mod h1:c347cR/OJfw5TI+GfX7RUPNMdDRRbjvYTS0jPyvsVtY=
gopkg.in/check.v1 v0.0.0-20161208181325-20d25e280405/go.mod h1:Co6ibVJAznAaIkqp8huTwlJQCZ016jof/cbN4VW5Yz0=
gopkg.in/check.v1 v1.0.0-20201130134442-10cb98267c6c h1:Hei/4ADfdWqJk1ZMxUNpqntNwaWcugrBjAiHlqqRiVk=
gopkg.in/check.v1 v1.0.0-20201130134442-10cb98267c6c/go.mod h1:JHkPIbrfpd72SG/EVd6muEfDQjcINNoR0C8j2r3qZ4Q=
gopkg.in/natefinch/lumberjack.v2 v2.2.1 h1:bBRl1b0OH9s/DuPhuXpNl+VtCaJXFZ5/uEFST95x9zc=
gopkg.in/natefinch/lumberjack.v2 v2.2.1/go.mod h1:YD8tP3GAjkrDg1eZH7EGmyESg/lsYskCTPBJVb9jqSc=
gopkg.in/yaml.v3 v3.0.1 h1:fxVm/GzAzEWqLHuvctI91KS9hhNmmWOoWu0XTYJS7CA=
gopkg.in/yaml.v3 v3.0.1/go.mod h1:K4uyk7z7BCEPqu6E+C64Yfv1cQ7kz7rIZviUmN+EgEM=
gorm.io/driver/sqlite v1.6.0 h1:WHRRrIiulaPiPFmDcod6prc4l2VGVWHz80KspNsxSfQ=
gorm.io/driver/sqlite v1.6.0/go.mod h1:AO9V1qIQddBESngQUKWL9yoH93HIeA1X6V633rBwyT8=
gorm.io/gorm v1.30.0 h1:qbT5aPv1UH8gI99OsRlvDToLxW5zR7FzS9acZDOZcgs=
gorm.io/gorm v1.30.0/go.mod h1:8Z33v652h4//uMA76KjeDH8mJXPm1QNCYrMeatR0DOE=
